{
  "nodes": {
    "adam-neovim": {
      "inputs": {
        "flake-utils": "flake-utils",
        "nixpkgs": [
          "nixpkgs"
        ]
      },
      "locked": {
        "lastModified": 1780854914,
        "narHash": "sha256-BhikiHNReZYdWadzrzz9CRndB/KH0n3HuQ8Gb8E9fbA=",
        "owner": "abuggia",
        "repo": "neovim-flake",
        "rev": "13b10c3a4ede71535bae1fe8d84f4cd2da0bf1aa",
        "type": "github"
      },
      "original": {
        "owner": "abuggia",
        "repo": "neovim-flake",
        "type": "github"
      }
    },
    "claude-code": {
      "inputs": {
        "flake-utils": "flake-utils_2",
        "nixpkgs": "nixpkgs"
      },
      "locked": {
        "lastModified": 1784157477,
        "narHash": "sha256-eluLGU+dZ7AzGowwsNjNZ4R9lHcs3eZnof3XHKwSWeM=",
        "owner": "sadjow",
        "repo": "claude-code-nix",
        "rev": "1c3cb70c212d7f2ea4decab4a65697b6f6268442",
        "type": "github"
      },
      "original": {
        "owner": "sadjow",
        "repo": "claude-code-nix",
        "type": "github"
      }
    },
    "codex-cli-nix": {
      "inputs": {
        "flake-utils": "flake-utils_3",
        "nixpkgs": "nixpkgs_2"
      },
      "locked": {
        "lastModified": 1784011846,
        "narHash": "sha256-ZwToJMUbcoTxdLV7KKWUQp3b1bL3oCy+/utM4OyaPJ4=",
        "owner": "sadjow",
        "repo": "codex-cli-nix",
        "rev": "be1c5810b72def4f03b92c6717df97480f318796",
        "type": "github"
      },
      "original": {
        "owner": "sadjow",
        "repo": "codex-cli-nix",
        "type": "github"
      }
    },
    "flake-utils": {
      "inputs": {
        "systems": "systems"
      },
      "locked": {
        "lastModified": 1731533236,
        "narHash": "sha256-l0KFg5HjrsfsO/JpG+r7fRrqm12kzFHyUHqHCVpMMbI=",
        "owner": "numtide",
        "repo": "flake-utils",
        "rev": "11707dc2f618dd54ca8739b309ec4fc024de578b",
        "type": "github"
      },
      "original": {
        "owner": "numtide",
        "repo": "flake-utils",
        "type": "github"
      }
    },
    "flake-utils_2": {
      "inputs": {
        "systems": "systems_2"
      },
      "locked": {
        "lastModified": 1731533236,
        "narHash": "sha256-l0KFg5HjrsfsO/JpG+r7fRrqm12kzFHyUHqHCVpMMbI=",
        "owner": "numtide",
        "repo": "flake-utils",
        "rev": "11707dc2f618dd54ca8739b309ec4fc024de578b",
        "type": "github"
      },
      "original": {
        "owner": "numtide",
        "repo": "flake-utils",
        "type": "github"
      }
    },
    "flake-utils_3": {
      "inputs": {
        "systems": "systems_3"
      },
      "locked": {
        "lastModified": 1731533236,
        "narHash": "sha256-l0KFg5HjrsfsO/JpG+r7fRrqm12kzFHyUHqHCVpMMbI=",
        "owner": "numtide",
        "repo": "flake-utils",
        "rev": "11707dc2f618dd54ca8739b309ec4fc024de578b",
        "type": "github"
      },
      "original": {
        "owner": "numtide",
        "repo": "flake-utils",
        "type": "github"
      }
    },
    "home-manager": {
      "inputs": {
        "nixpkgs": [
          "nixpkgs"
        ]
      },
      "locked": {
        "lastModified": 1781877556,
        "narHash": "sha256-Ek2QZE3LHiHfqJSddh6Y5D7xSRHmMPxW9AxX6FUEGZU=",
        "owner": "nix-community",
        "repo": "home-manager",
        "rev": "43f9f0abc60d267585e61400b64a7f55f38a8c54",
        "type": "github"
      },
      "original": {
        "owner": "nix-community",
        "repo": "home-manager",
        "type": "github"
      }
    },
    "nix-darwin": {
      "inputs": {
        "nixpkgs": [
          "nixpkgs"
        ]
      },
      "locked": {
        "lastModified": 1781761792,
        "narHash": "sha256-rCPytmKNjctLloB6UgK5CRrHSwV4b0ygxtJLPPp8R14=",
        "owner": "lnl7",
        "repo": "nix-darwin",
        "rev": "a1fa429e945becaf60468600daf649be4ba0350c",
        "type": "github"
      },
      "original": {
        "owner": "lnl7",
        "repo": "nix-darwin",
        "type": "github"
      }
    },
    "nix-index-database": {
      "inputs": {
        "nixpkgs": [
          "nixpkgs"
        ]
      },
      "locked": {
        "lastModified": 1781422160,
        "narHash": "sha256-W7S8O86bVrw2gaomEwkHStOzmPpnFIHQ6lS4Q2HffJ0=",
        "owner": "Mic92",
        "repo": "nix-index-database",
        "rev": "854d04e2368fb2e9c328a36b3c0a04cd713bfae1",
        "type": "github"
      },
      "original": {
        "owner": "Mic92",
        "repo": "nix-index-database",
        "type": "github"
      }
    },
    "nixpkgs": {
      "locked": {
        "lastModified": 1784115452,
        "narHash": "sha256-BoYPdqk6jlKXy+DyUzyGV/CtRGfAhk2MmIgBhsemTGI=",
        "owner": "NixOS",
        "repo": "nixpkgs",
        "rev": "35d3407a3816f3b341d8cf1d60abaf2b7b8166ac",
        "type": "github"
      },
      "original": {
        "owner": "NixOS",
        "ref": "nixpkgs-unstable",
        "repo": "nixpkgs",
        "type": "github"
      }
    },
    "nixpkgs_2": {
      "locked": {
        "lastModified": 1783915482,
        "narHash": "sha256-FmieJB8/OUvNxbkboi7+IGfIuSXY3nF/hZQm8kD0r50=",
        "owner": "NixOS",
        "repo": "nixpkgs",
        "rev": "6cdc7fc76e8bf7fde9fa43a849fcaaa70e230dee",
        "type": "github"
      },
      "original": {
        "owner": "NixOS",
        "ref": "nixpkgs-unstable",
        "repo": "nixpkgs",
        "type": "github"
      }
    },
    "nixpkgs_3": {
      "locked": {
        "lastModified": 1781577229,
        "narHash": "sha256-lrp67w8AulE9Ks53n27I45ADSzbOCn4H+CNW1Ck8B+8=",
        "owner": "nixos",
        "repo": "nixpkgs",
        "rev": "567a49d1913ce81ac6e9582e3553dd90a955875f",
        "type": "github"
      },
      "original": {
        "owner": "nixos",
        "ref": "nixos-unstable",
        "repo": "nixpkgs",
        "type": "github"
      }
    },
    "root": {
      "inputs": {
        "adam-neovim": "adam-neovim",
        "claude-code": "claude-code",
        "codex-cli-nix": "codex-cli-nix",
        "home-manager": "home-manager",
        "nix-darwin": "nix-darwin",
        "nix-index-database": "nix-index-database",
        "nixpkgs": "nixpkgs_3"
      }
    },
    "systems": {
      "locked": {
        "lastModified": 1681028828,
        "narHash": "sha256-Vy1rq5AaRuLzOxct8nz4T6wlgyUR7zLU309k9mBC768=",
        "owner": "nix-systems",
        "repo": "default",
        "rev": "da67096a3b9bf56a91d16901293e51ba5b49a27e",
        "type": "github"
      },
      "original": {
        "owner": "nix-systems",
        "repo": "default",
        "type": "github"
      }
    },
    "systems_2": {
      "locked": {
        "lastModified": 1681028828,
        "narHash": "sha256-Vy1rq5AaRuLzOxct8nz4T6wlgyUR7zLU309k9mBC768=",
        "owner": "nix-systems",
        "repo": "default",
        "rev": "da67096a3b9bf56a91d16901293e51ba5b49a27e",
        "type": "github"
      },
      "original": {
        "owner": "nix-systems",
        "repo": "default",
        "type": "github"
      }
    },
    "systems_3": {
      "locked": {
        "lastModified": 1681028828,
        "narHash": "sha256-Vy1rq5AaRuLzOxct8nz4T6wlgyUR7zLU309k9mBC768=",
        "owner": "nix-systems",
        "repo": "default",
        "rev": "da67096a3b9bf56a91d16901293e51ba5b49a27e",
        "type": "github"
      },
      "original": {
        "owner": "nix-systems",
        "repo": "default",
        "type": "github"
      }
    }
  },
  "root": "root",
  "version": 7
}
